
Microsoft Visual Studio Solution File, Format Version 12.00
# Visual Studio Version 17
VisualStudioVersion = 17.5.002.0
MinimumVisualStudioVersion = 10.0.40219.1
Project("{9A19103F-16F7-4668-BE54-9A1E7A4F7556}") = "MyDoThis", "MyDoThis.csproj", "{ADE0A1B6-B089-45A7-8D58-EFEDC395E9FF}"
EndProject
Global
	GlobalSection(SolutionConfigurationPlatforms) = preSolution
		Debug|Any CPU = Debug|Any CPU
		Release|Any CPU = Release|Any CPU
	EndGlobalSection
	GlobalSection(ProjectConfigurationPlatforms) = postSolution
		{ADE0A1B6-B089-45A7-8D58-EFEDC395E9FF}.Debug|Any CPU.ActiveCfg = Debug|Any CPU
		{ADE0A1B6-B089-45A7-8D58-EFEDC395E9FF}.Debug|Any CPU.Build.0 = Debug|Any CPU
		{ADE0A1B6-B089-45A7-8D58-EFEDC395E9FF}.Release|Any CPU.ActiveCfg = Release|Any CPU
		{ADE0A1B6-B089-45A7-8D58-EFEDC395E9FF}.Release|Any CPU.Build.0 = Release|Any CPU
	EndGlobalSection
	GlobalSection(SolutionProperties) = preSolution
		HideSolutionNode = FALSE
	EndGlobalSection
	GlobalSection(ExtensibilityGlobals) = postSolution
		SolutionGuid = {58D1815D-6432-4655-B339-519916895C7D}
	EndGlobalSection
EndGlobal
